{
  "name": "metz-chicken-butchery-prod",
  "lockfileVersion": 3,
  "requires": true,
  "packages": {
    "": {
      "name": "metz-chicken-butchery-prod",
      "version": "0.0.0",
      "type": "module",
      "private": true,
      "dependencies": {
        "@babel/parser": "7.29.8",
        "@vue/compiler-core": "3.5.40",
        "@vue/compiler-dom": "3.5.40",
        "@vue/compiler-ssr": "3.5.40",
        "@vue/devtools-api": "7.7.10",
        "@vue/devtools-kit": "7.7.10",
        "@vue/devtools-shared": "7.7.10",
        "@vue/reactivity": "3.5.40",
        "@vue/runtime-core": "3.5.40",
        "@vue/runtime-dom": "3.5.40",
        "@vue/server-renderer": "3.5.40",
        "@vue/shared": "3.5.40",
        "birpc": "2.9.0",
        "devalue": "5.9.0",
        "entities": "7.0.1",
        "estree-walker": "2.0.2",
        "hookable": "6.1.1",
        "perfect-debounce": "1.0.0",
        "pinia": "3.0.4",
        "source-map-js": "1.2.1",
        "ufo": "1.6.4",
        "unhead": "2.1.17",
        "vue": "3.5.40",
        "vue-bundle-renderer": "2.3.1",
        "vue-router": "4.6.4"
      }
    },
    "node_modules/@babel/parser": {
      "version": "7.29.8",
      "resolved": "https://registry.npmjs.org/@babel/parser/-/parser-7.29.8.tgz",
      "integrity": "sha512-ZWqvaZ1mpnKx8Xq2JEyKIKgN/RB1EqJ7eWjLSxnDhL6K8qg0DCdkVNzU9kgIVkl5SbP0P8JYTMwJQj6nGFOPKQ=="
    },
    "node_modules/@vue/compiler-core": {
      "version": "3.5.40",
      "resolved": "https://registry.npmjs.org/@vue/compiler-core/-/compiler-core-3.5.40.tgz",
      "integrity": "sha512-tNOlQFPJ8Ap1xQGlWXDzK/wVgT8V6BLPgUL9pWNLlj5Z0i6YdHkqMOL6LwrElEY/PXN5qPNbq9hzJOWQVXgQ=="
    },
    "node_modules/@vue/compiler-dom": {
      "version": "3.5.40",
      "resolved": "https://registry.npmjs.org/@vue/compiler-dom/-/compiler-dom-3.5.40.tgz",
      "integrity": "sha512-lGBYWh6qL5CiUmYCbzJ7M2Rk3vl7fWNEapZMhvJqHd4CtGU+qpLKMXV8aGzBwGN68L7Gq2C0YfXqhL8MKKBOg=="
    },
    "node_modules/@vue/compiler-ssr": {
      "version": "3.5.40",
      "resolved": "https://registry.npmjs.org/@vue/compiler-ssr/-/compiler-ssr-3.5.40.tgz",
      "integrity": "sha512-l2AuPqGFhNqXh0JhqMvvd6gI+LWakVh6qiWDGMB5R3VMDP5qwuPNGqnVm5MvDTw3cP7cEqc+iBr1+wLcZa8qg=="
    },
    "node_modules/@vue/devtools-api": {
      "version": "7.7.10",
      "resolved": "https://registry.npmjs.org/@vue/devtools-api/-/devtools-api-7.7.10.tgz",
      "integrity": "sha512-CWj1Hd+lMwrn3eIv3dI6h3MtKfv6l4pZSy5q0x1HQDGZwHrfFuGj/hDVDrJxDlmx7u6QE8FPqvABG5qVzF2Jg=="
    },
    "node_modules/@vue/devtools-kit": {
      "version": "7.7.10",
      "resolved": "https://registry.npmjs.org/@vue/devtools-kit/-/devtools-kit-7.7.10.tgz",
      "integrity": "sha512-2CmwLqCmE2EJHhL3EKmBgJOkPKsIB+1qFKMdmK5gPPl6a1vAQl0wdGxB7C9n+t3m8oY0aH7F1qEcxpIqBsXYQA=="
    },
    "node_modules/@vue/devtools-shared": {
      "version": "7.7.10",
      "resolved": "https://registry.npmjs.org/@vue/devtools-shared/-/devtools-shared-7.7.10.tgz",
      "integrity": "sha512-uWO0zcC6ZVMwMdh+ljRUiHrKxLqKWUXRXL6C6G6yfPRtL10q3x4VLaEr/ZYbsZVsahd2cR8rKUDC0Z75AFQGQ=="
    },
    "node_modules/@vue/reactivity": {
      "version": "3.5.40",
      "resolved": "https://registry.npmjs.org/@vue/reactivity/-/reactivity-3.5.40.tgz",
      "integrity": "sha512-6geL+DPJ0XdZLcmJX5hnzCVkH9bwxk0s7YfOlEZQKqJ4YxEWpv1YpVBq+rX3JNHX6DpR7dYBkVPOyNBPHqQSw=="
    },
    "node_modules/@vue/runtime-core": {
      "version": "3.5.40",
      "resolved": "https://registry.npmjs.org/@vue/runtime-core/-/runtime-core-3.5.40.tgz",
      "integrity": "sha512-3Ztq4vZVVDDj++lbLCNTnj3LIvQfx5V2jqn68VmfFqQvuuJJLpP5n5GnxWx6U4f8c4T2rrZrjmJx7J3RZmKyQ=="
    },
    "node_modules/@vue/runtime-dom": {
      "version": "3.5.40",
      "resolved": "https://registry.npmjs.org/@vue/runtime-dom/-/runtime-dom-3.5.40.tgz",
      "integrity": "sha512-aHmb+qPZsUNKm1hqhS/bOhzC7A5KpgxqDLSjzVKt6hWQXJnSGXXC8d4gGBXiLH2J4x3L5r8Y4NZnhfMVMZhYQ=="
    },
    "node_modules/@vue/server-renderer": {
      "version": "3.5.40",
      "resolved": "https://registry.npmjs.org/@vue/server-renderer/-/server-renderer-3.5.40.tgz",
      "integrity": "sha512-0x1jdLUXQ85gXmr+JyDxfKJYGJlCjzA7Pc3MqvMBFq9cjkLQiE5xCQgJbS5UQFYYiCEe3dLqRfD5bJLCEn7rw=="
    },
    "node_modules/@vue/shared": {
      "version": "3.5.40",
      "resolved": "https://registry.npmjs.org/@vue/shared/-/shared-3.5.40.tgz",
      "integrity": "sha512-kctkb4VT1l1JxHLXj1LRIhF6bnwvvbSHcfIPLdRRXwVyrtbD1sNDkHjJz6lUWg0+nzlpBq0Vb7UE8D/tePdmQ=="
    },
    "node_modules/birpc": {
      "version": "2.9.0",
      "resolved": "https://registry.npmjs.org/birpc/-/birpc-2.9.0.tgz",
      "integrity": "sha512-/eMDrTuVYn5ioUfkVLpO1bvBsv2v+dVPZGp8q78z7YjfQ1VBJdj2WN3v+gvNP8sYCqQ/bYL2C2Iun+3rh/Dqw=="
    },
    "node_modules/devalue": {
      "version": "5.9.0",
      "resolved": "https://registry.npmjs.org/devalue/-/devalue-5.9.0.tgz",
      "integrity": "sha512-5E4B9v6X1i/TjkZHqVSDq5fK8sYcEqpBBLz/4CqM8l5jYKoaQV3aFCOKzMQ4zVyPTm29aOvO6pOKdQJwG/3E0g=="
    },
    "node_modules/entities": {
      "version": "7.0.1",
      "resolved": "https://registry.npmjs.org/entities/-/entities-7.0.1.tgz",
      "integrity": "sha512-2jrIJYhm1d2TLu1zwbf4JkjN0e6dMvE9RM0kzpfDCMNS4kP8CWNPcvSVVrXNLZFr/P+cXHNdI9mHqWr0QGCgA=="
    },
    "node_modules/estree-walker": {
      "version": "2.0.2",
      "resolved": "https://registry.npmjs.org/estree-walker/-/estree-walker-2.0.2.tgz",
      "integrity": "sha512-Jxv+CvLY1r9WL5r+ggMYO/W2Ym8FvB2FxJfHMNFCoqMlNqpVVQhMdEHKAMuFVH1I6CNQY7qF4oRe3Qvfvpou=="
    },
    "node_modules/hookable": {
      "version": "6.1.1",
      "resolved": "https://registry.npmjs.org/hookable/-/hookable-6.1.1.tgz",
      "integrity": "sha512-3LZhvIf35j+m8c4kqaZg6R8YhBu1b4HePxvTdxD1wDfADSg7r3zCn/lHG3fEzEJrL1JnuLEZn7HJ5L5m1pL1g=="
    },
    "node_modules/perfect-debounce": {
      "version": "1.0.0",
      "resolved": "https://registry.npmjs.org/perfect-debounce/-/perfect-debounce-1.0.0.tgz",
      "integrity": "sha512-xCy9V055GLEba56JfauGA6squHkRLzhEQkinCbTZJ0Water3BYzucar/4ZcA0O7JWrAmISAxVA5qKlMcontewKKAw=="
    },
    "node_modules/pinia": {
      "version": "3.0.4",
      "resolved": "https://registry.npmjs.org/pinia/-/pinia-3.0.4.tgz",
      "integrity": "sha512-xJ1QrJSVKq0vJ3gLvmZzaQ0w9Kzoi9h/fLrKq2cqLCQ2pKrjdL3J2R4DkY0A6d9v2TLMjSdIGST5C/KaGI4+w=="
    },
    "node_modules/source-map-js": {
      "version": "1.2.1",
      "resolved": "https://registry.npmjs.org/source-map-js/-/source-map-js-1.2.1.tgz",
      "integrity": "sha512-UXWMKhLOwVKb+26N6OyRMvKf7bp6L/l5wfbXwDJk8aX/xYEHM6XEeyMTCQM+IEqBgxNPKmGCiO17uqbMJh7pjA=="
    },
    "node_modules/ufo": {
      "version": "1.6.4",
      "resolved": "https://registry.npmjs.org/ufo/-/ufo-1.6.4.tgz",
      "integrity": "sha512-/uHP0Bc/gBIeL7WcBCvn8o89+TdDEP5gOy0hGpTCJhDMx+8EaPlL9NRXlL5hf/nRCUU3bSmVznlWWOKzA2e0kA=="
    },
    "node_modules/unhead": {
      "version": "2.1.17",
      "resolved": "https://registry.npmjs.org/unhead/-/unhead-2.1.17.tgz",
      "integrity": "sha512-3ufAJ8rFRpVfBVPMsqCxVwhsqIV61vBKN+QmNcNS3P+Jp7RTcMGgxRQWnvPfCp9DnXa1EZzXq4EVQPhVlqiyw=="
    },
    "node_modules/vue": {
      "version": "3.5.40",
      "resolved": "https://registry.npmjs.org/vue/-/vue-3.5.40.tgz",
      "integrity": "sha512-FyKZn6sM1eA2WkkVDv7C6qP1aOHjH49sCwkZW7ufQCRqUL/LvYvAL10wj0FaRNTjVyI2GpEhpLRz9MvZp2RUng=="
    },
    "node_modules/vue-bundle-renderer": {
      "version": "2.3.1",
      "resolved": "https://registry.npmjs.org/vue-bundle-renderer/-/vue-bundle-renderer-2.3.1.tgz",
      "integrity": "sha512-eGKmJkLLFbJ2m6+mY3NlKvz4S6vXXvKLR3f3aOfvJX2gP/MZ6AiDf8ETJM6N4f5qj5JdZ9+EH5LF9+hVT6Txw=="
    },
    "node_modules/vue-router": {
      "version": "4.6.4",
      "resolved": "https://registry.npmjs.org/vue-router/-/vue-router-4.6.4.tgz",
      "integrity": "sha512-sO2stkXwCQfVQD1G9D3lVT0gRWl6gqGqwTcQ8V/7PnzANjX2xIcvuI6c6j0xBVA7GHOKKq0VH2qwK5CW2CFFQ=="
    }
  }
}
